
Microsoft Visual Studio Solution File, Format Version 12.00
# Visual Studio Version 17
VisualStudioVersion = 17.8.34322.80
MinimumVisualStudioVersion = 10.0.40219.1
Project("{FAE04EC0-301F-11D3-BF4B-00C04F79EFBC}") = "SalesCurso", "SalesCurso\SalesCurso.csproj", "{DAE7C47D-2CE5-485F-B8BF-4F3D81B531FA}"
EndProject
Global
	GlobalSection(SolutionConfigurationPlatforms) = preSolution
		Debug|Any CPU = Debug|Any CPU
		Release|Any CPU = Release|Any CPU
	EndGlobalSection
	GlobalSection(ProjectConfigurationPlatforms) = postSolution
		{DAE7C47D-2CE5-485F-B8BF-4F3D81B531FA}.Debug|Any CPU.ActiveCfg = Debug|Any CPU
		{DAE7C47D-2CE5-485F-B8BF-4F3D81B531FA}.Debug|Any CPU.Build.0 = Debug|Any CPU
		{DAE7C47D-2CE5-485F-B8BF-4F3D81B531FA}.Release|Any CPU.ActiveCfg = Release|Any CPU
		{DAE7C47D-2CE5-485F-B8BF-4F3D81B531FA}.Release|Any CPU.Build.0 = Release|Any CPU
	EndGlobalSection
	GlobalSection(SolutionProperties) = preSolution
		HideSolutionNode = FALSE
	EndGlobalSection
	GlobalSection(ExtensibilityGlobals) = postSolution
		SolutionGuid = {34E31EB3-EBFA-4859-AF37-5ADE4E348FD5}
	EndGlobalSection
EndGlobal
